
Microsoft Visual Studio Solution File, Format Version 12.00
# Visual Studio 15
VisualStudioVersion = 15.0.27703.2035
MinimumVisualStudioVersion = 10.0.40219.1
Project("{FAE04EC0-301F-11D3-BF4B-00C04F79EFBC}") = "MatrixDigitalRain", "MatrixRainLibrary\MatrixDigitalRain.csproj", "{52C6BAE0-5CBF-46C0-85B7-2D66A1E365FD}"
EndProject
Project("{FAE04EC0-301F-11D3-BF4B-00C04F79EFBC}") = "MatrixDigitalRainApp", "MatrixRainApp\MatrixDigitalRainApp.csproj", "{11A0F55E-190D-43A7-A49D-3803C02936EA}"
EndProject
Global
	GlobalSection(SolutionConfigurationPlatforms) = preSolution
		Debug|Any CPU = Debug|Any CPU
		Release|Any CPU = Release|Any CPU
	EndGlobalSection
	GlobalSection(ProjectConfigurationPlatforms) = postSolution
		{52C6BAE0-5CBF-46C0-85B7-2D66A1E365FD}.Debug|Any CPU.ActiveCfg = Debug|Any CPU
		{52C6BAE0-5CBF-46C0-85B7-2D66A1E365FD}.Debug|Any CPU.Build.0 = Debug|Any CPU
		{52C6BAE0-5CBF-46C0-85B7-2D66A1E365FD}.Release|Any CPU.ActiveCfg = Release|Any CPU
		{52C6BAE0-5CBF-46C0-85B7-2D66A1E365FD}.Release|Any CPU.Build.0 = Release|Any CPU
		{11A0F55E-190D-43A7-A49D-3803C02936EA}.Debug|Any CPU.ActiveCfg = Debug|Any CPU
		{11A0F55E-190D-43A7-A49D-3803C02936EA}.Debug|Any CPU.Build.0 = Debug|Any CPU
		{11A0F55E-190D-43A7-A49D-3803C02936EA}.Release|Any CPU.ActiveCfg = Release|Any CPU
		{11A0F55E-190D-43A7-A49D-3803C02936EA}.Release|Any CPU.Build.0 = Release|Any CPU
	EndGlobalSection
	GlobalSection(SolutionProperties) = preSolution
		HideSolutionNode = FALSE
	EndGlobalSection
	GlobalSection(ExtensibilityGlobals) = postSolution
		SolutionGuid = {F1AF231B-2D63-4037-8A09-B04DD4768DEB}
	EndGlobalSection
EndGlobal
